
Microsoft Visual Studio Solution File, Format Version 12.00
# Visual Studio 2012
Project("{FAE04EC0-301F-11D3-BF4B-00C04F79EFBC}") = "UnitTest", "UnitTest\UnitTest.csproj", "{A879D6CE-DE88-44A7-9BAC-334E6886599F}"
EndProject
Project("{FAE04EC0-301F-11D3-BF4B-00C04F79EFBC}") = "Decryption", "Decryption\Decryption.csproj", "{A1D8BB1C-80E1-42B6-8B17-2469FED4A72F}"
EndProject
Global
	GlobalSection(SolutionConfigurationPlatforms) = preSolution
		Debug|Any CPU = Debug|Any CPU
		Release|Any CPU = Release|Any CPU
	EndGlobalSection
	GlobalSection(ProjectConfigurationPlatforms) = postSolution
		{A879D6CE-DE88-44A7-9BAC-334E6886599F}.Debug|Any CPU.ActiveCfg = Debug|Any CPU
		{A879D6CE-DE88-44A7-9BAC-334E6886599F}.Debug|Any CPU.Build.0 = Debug|Any CPU
		{A879D6CE-DE88-44A7-9BAC-334E6886599F}.Release|Any CPU.ActiveCfg = Release|Any CPU
		{A879D6CE-DE88-44A7-9BAC-334E6886599F}.Release|Any CPU.Build.0 = Release|Any CPU
		{A1D8BB1C-80E1-42B6-8B17-2469FED4A72F}.Debug|Any CPU.ActiveCfg = Debug|Any CPU
		{A1D8BB1C-80E1-42B6-8B17-2469FED4A72F}.Debug|Any CPU.Build.0 = Debug|Any CPU
		{A1D8BB1C-80E1-42B6-8B17-2469FED4A72F}.Release|Any CPU.ActiveCfg = Release|Any CPU
		{A1D8BB1C-80E1-42B6-8B17-2469FED4A72F}.Release|Any CPU.Build.0 = Release|Any CPU
	EndGlobalSection
	GlobalSection(SolutionProperties) = preSolution
		HideSolutionNode = FALSE
	EndGlobalSection
EndGlobal
